Microsoft Visual Studio Solution File, Format Version 12.00
# Visual Studio Version 17
VisualStudioVersion = 17.5.2.0
MinimumVisualStudioVersion = 10.0.40219.1
Project("{FAE04EC0-301F-11D3-BF4B-00C04F79EFBC}") = "TripleJumpTool", "TripleJumpTool.csproj", "{E7A4F0A8-82B0-43DF-0BE6-43FA3020939F}"
EndProject
Global
	GlobalSection(SolutionConfigurationPlatforms) = preSolution
		Debug|Any CPU = Debug|Any CPU
		Release|Any CPU = Release|Any CPU
	EndGlobalSection
	GlobalSection(ProjectConfigurationPlatforms) = postSolution
		{E7A4F0A8-82B0-43DF-0BE6-43FA3020939F}.Debug|Any CPU.ActiveCfg = Debug|Any CPU
		{E7A4F0A8-82B0-43DF-0BE6-43FA3020939F}.Debug|Any CPU.Build.0 = Debug|Any CPU
		{E7A4F0A8-82B0-43DF-0BE6-43FA3020939F}.Release|Any CPU.ActiveCfg = Release|Any CPU
		{E7A4F0A8-82B0-43DF-0BE6-43FA3020939F}.Release|Any CPU.Build.0 = Release|Any CPU
	EndGlobalSection
	GlobalSection(SolutionProperties) = preSolution
		HideSolutionNode = FALSE
	EndGlobalSection
	GlobalSection(ExtensibilityGlobals) = postSolution
		SolutionGuid = {16D2C8FA-6225-46CE-9C78-86AF5DCA8292}
	EndGlobalSection
EndGlobal
